
Microsoft Visual Studio Solution File, Format Version 12.00
# Visual Studio Version 16
VisualStudioVersion = 16.0.31025.194
MinimumVisualStudioVersion = 10.0.40219.1
Project("{9A19103F-16F7-4668-BE54-9A1E7A4F7556}") = "MergeSort", "Sort\MergeSort.csproj", "{5AA81FF8-867B-4C8E-A81A-94471B052AAD}"
EndProject
Project("{9A19103F-16F7-4668-BE54-9A1E7A4F7556}") = "PrimeNumber", "DynamicProgramming\PrimeNumber.csproj", "{CADC96DE-5A0E-437C-9C56-3B7614CEF98A}"
EndProject
Project("{9A19103F-16F7-4668-BE54-9A1E7A4F7556}") = "KruskalAlgorithm", "Graph\KruskalAlgorithm.csproj", "{25F725C4-B31B-48DC-9D26-BDB345655120}"
EndProject
Project("{2150E333-8FDC-42A3-9474-1A3956D46DE8}") = "Tree", "Tree", "{2BF926BF-484E-40CA-A46D-861991FAC920}"
EndProject
Project("{FAE04EC0-301F-11D3-BF4B-00C04F79EFBC}") = "BinaryTreeTraversal", "BinaryTreeTraversal\BinaryTreeTraversal.csproj", "{CD38025F-97D5-48D6-97DB-66E650030B52}"
EndProject
Project("{2150E333-8FDC-42A3-9474-1A3956D46DE8}") = "DynamicProgramming", "DynamicProgramming", "{04B6F364-585B-4081-9520-A526F15FF9D5}"
EndProject
Project("{2150E333-8FDC-42A3-9474-1A3956D46DE8}") = "Sort", "Sort", "{452B2AA5-0B44-4A83-80B1-6135373250B8}"
EndProject
Project("{2150E333-8FDC-42A3-9474-1A3956D46DE8}") = "Graph", "Graph", "{40712745-EC29-4D2E-A8A9-4DDED57B3620}"
EndProject
Project("{FAE04EC0-301F-11D3-BF4B-00C04F79EFBC}") = "UnionFind", "UnionFind\UnionFind.csproj", "{B6E88AF8-6921-4B61-B839-24831778EDF0}"
EndProject
Global
	GlobalSection(SolutionConfigurationPlatforms) = preSolution
		Debug|Any CPU = Debug|Any CPU
		Release|Any CPU = Release|Any CPU
	EndGlobalSection
	GlobalSection(ProjectConfigurationPlatforms) = postSolution
		{5AA81FF8-867B-4C8E-A81A-94471B052AAD}.Debug|Any CPU.ActiveCfg = Debug|Any CPU
		{5AA81FF8-867B-4C8E-A81A-94471B052AAD}.Debug|Any CPU.Build.0 = Debug|Any CPU
		{5AA81FF8-867B-4C8E-A81A-94471B052AAD}.Release|Any CPU.ActiveCfg = Release|Any CPU
		{5AA81FF8-867B-4C8E-A81A-94471B052AAD}.Release|Any CPU.Build.0 = Release|Any CPU
		{CADC96DE-5A0E-437C-9C56-3B7614CEF98A}.Debug|Any CPU.ActiveCfg = Debug|Any CPU
		{CADC96DE-5A0E-437C-9C56-3B7614CEF98A}.Debug|Any CPU.Build.0 = Debug|Any CPU
		{CADC96DE-5A0E-437C-9C56-3B7614CEF98A}.Release|Any CPU.ActiveCfg = Release|Any CPU
		{CADC96DE-5A0E-437C-9C56-3B7614CEF98A}.Release|Any CPU.Build.0 = Release|Any CPU
		{25F725C4-B31B-48DC-9D26-BDB345655120}.Debug|Any CPU.ActiveCfg = Debug|Any CPU
		{25F725C4-B31B-48DC-9D26-BDB345655120}.Debug|Any CPU.Build.0 = Debug|Any CPU
		{25F725C4-B31B-48DC-9D26-BDB345655120}.Release|Any CPU.ActiveCfg = Release|Any CPU
		{25F725C4-B31B-48DC-9D26-BDB345655120}.Release|Any CPU.Build.0 = Release|Any CPU
		{CD38025F-97D5-48D6-97DB-66E650030B52}.Debug|Any CPU.ActiveCfg = Debug|Any CPU
		{CD38025F-97D5-48D6-97DB-66E650030B52}.Debug|Any CPU.Build.0 = Debug|Any CPU
		{CD38025F-97D5-48D6-97DB-66E650030B52}.Release|Any CPU.ActiveCfg = Release|Any CPU
		{CD38025F-97D5-48D6-97DB-66E650030B52}.Release|Any CPU.Build.0 = Release|Any CPU
		{B6E88AF8-6921-4B61-B839-24831778EDF0}.Debug|Any CPU.ActiveCfg = Debug|Any CPU
		{B6E88AF8-6921-4B61-B839-24831778EDF0}.Debug|Any CPU.Build.0 = Debug|Any CPU
		{B6E88AF8-6921-4B61-B839-24831778EDF0}.Release|Any CPU.ActiveCfg = Release|Any CPU
		{B6E88AF8-6921-4B61-B839-24831778EDF0}.Release|Any CPU.Build.0 = Release|Any CPU
	EndGlobalSection
	GlobalSection(SolutionProperties) = preSolution
		HideSolutionNode = FALSE
	EndGlobalSection
	GlobalSection(NestedProjects) = preSolution
		{5AA81FF8-867B-4C8E-A81A-94471B052AAD} = {452B2AA5-0B44-4A83-80B1-6135373250B8}
		{CADC96DE-5A0E-437C-9C56-3B7614CEF98A} = {04B6F364-585B-4081-9520-A526F15FF9D5}
		{25F725C4-B31B-48DC-9D26-BDB345655120} = {40712745-EC29-4D2E-A8A9-4DDED57B3620}
		{CD38025F-97D5-48D6-97DB-66E650030B52} = {2BF926BF-484E-40CA-A46D-861991FAC920}
		{B6E88AF8-6921-4B61-B839-24831778EDF0} = {40712745-EC29-4D2E-A8A9-4DDED57B3620}
	EndGlobalSection
	GlobalSection(ExtensibilityGlobals) = postSolution
		SolutionGuid = {585C7B3F-669D-4964-82D7-4B116AE549AD}
	EndGlobalSection
EndGlobal
